
Microsoft Visual Studio Solution File, Format Version 12.00
# Visual Studio Version 16
VisualStudioVersion = 16.0.33214.272
MinimumVisualStudioVersion = 10.0.40219.1
Project("{FAE04EC0-301F-11D3-BF4B-00C04F79EFBC}") = "PetShop", "PetShop\PetShop.csproj", "{935CEF65-D922-458E-A62D-4B97E9DC584F}"
EndProject
Global
	GlobalSection(SolutionConfigurationPlatforms) = preSolution
		Debug|Any CPU = Debug|Any CPU
		Release|Any CPU = Release|Any CPU
	EndGlobalSection
	GlobalSection(ProjectConfigurationPlatforms) = postSolution
		{935CEF65-D922-458E-A62D-4B97E9DC584F}.Debug|Any CPU.ActiveCfg = Debug|Any CPU
		{935CEF65-D922-458E-A62D-4B97E9DC584F}.Debug|Any CPU.Build.0 = Debug|Any CPU
		{935CEF65-D922-458E-A62D-4B97E9DC584F}.Release|Any CPU.ActiveCfg = Release|Any CPU
		{935CEF65-D922-458E-A62D-4B97E9DC584F}.Release|Any CPU.Build.0 = Release|Any CPU
	EndGlobalSection
	GlobalSection(SolutionProperties) = preSolution
		HideSolutionNode = FALSE
	EndGlobalSection
	GlobalSection(ExtensibilityGlobals) = postSolution
		SolutionGuid = {EFA3EFAD-DBC0-4EFB-A675-873DE9C83E7D}
	EndGlobalSection
EndGlobal
